
Microsoft Visual Studio Solution File, Format Version 12.00
# Visual Studio Version 16
VisualStudioVersion = 16.0.30907.101
MinimumVisualStudioVersion = 10.0.40219.1
Project("{FAE04EC0-301F-11D3-BF4B-00C04F79EFBC}") = "GNCTAREFAS", "GNCTAREFAS\GNCTAREFAS.csproj", "{9559BE18-B336-4AB8-BBE4-BE3E8921133E}"
EndProject
Global
	GlobalSection(SolutionConfigurationPlatforms) = preSolution
		Debug|Any CPU = Debug|Any CPU
		Release|Any CPU = Release|Any CPU
	EndGlobalSection
	GlobalSection(ProjectConfigurationPlatforms) = postSolution
		{9559BE18-B336-4AB8-BBE4-BE3E8921133E}.Debug|Any CPU.ActiveCfg = Debug|Any CPU
		{9559BE18-B336-4AB8-BBE4-BE3E8921133E}.Debug|Any CPU.Build.0 = Debug|Any CPU
		{9559BE18-B336-4AB8-BBE4-BE3E8921133E}.Release|Any CPU.ActiveCfg = Release|Any CPU
		{9559BE18-B336-4AB8-BBE4-BE3E8921133E}.Release|Any CPU.Build.0 = Release|Any CPU
	EndGlobalSection
	GlobalSection(SolutionProperties) = preSolution
		HideSolutionNode = FALSE
	EndGlobalSection
	GlobalSection(ExtensibilityGlobals) = postSolution
		SolutionGuid = {49CF984A-8870-4363-A011-B418077DAB1D}
	EndGlobalSection
EndGlobal
